{
    "_readme": [
        "This file locks the dependencies of your project to a known state",
        "Read more about it at https://getcomposer.org/doc/01-basic-usage.md#composer-lock-the-lock-file",
        "This file is @generated automatically"
    ],
    "content-hash": "00c9cca71ff7196ed4a9be08765e8216",
    "packages": [
        {
            "name": "clue/redis-protocol",
            "version": "v0.3.1",
            "source": {
                "type": "git",
                "url": "https://github.com/clue/php-redis-protocol.git",
                "reference": "271b8009887209d930f613ad3b9518f94bd6b51c"
            },
            "dist": {
                "type": "zip",
                "url": "https://files.phpcomposer.com/files/clue/php-redis-protocol/271b8009887209d930f613ad3b9518f94bd6b51c.zip",
                "reference": "271b8009887209d930f613ad3b9518f94bd6b51c",
                "shasum": ""
            },
            "require": {
                "php": ">=5.3"
            },
            "type": "library",
            "autoload": {
                "psr-0": {
                    "Clue\\Redis\\Protocol": "src"
                }
            },
            "notification-url": "https://packagist.org/downloads/",
            "license": [
                "MIT"
            ],
            "authors": [
                {
                    "name": "Christian Lück",
                    "email": "christian@lueck.tv"
                }
            ],
            "description": "A streaming redis wire protocol parser and serializer implementation in PHP",
            "homepage": "https://github.com/clue/php-redis-protocol",
            "keywords": [
                "parser",
                "protocol",
                "redis",
                "serializer",
                "streaming"
            ],
            "time": "2017-06-06T16:07:10+00:00"
        },
        {
            "name": "clue/redis-react",
            "version": "v1.2.0",
            "source": {
                "type": "git",
                "url": "https://github.com/clue/php-redis-react.git",
                "reference": "e7f99fbb0e704292a3dc2d72c75067bb07c872a9"
            },
            "dist": {
                "type": "zip",
                "url": "https://files.phpcomposer.com/files/clue/php-redis-react/e7f99fbb0e704292a3dc2d72c75067bb07c872a9.zip",
                "reference": "e7f99fbb0e704292a3dc2d72c75067bb07c872a9",
                "shasum": ""
            },
            "require": {
                "clue/redis-protocol": "0.3.*",
                "evenement/evenement": "~1.0|~2.0",
                "php": ">=5.3",
                "react/event-loop": "0.3.*|0.4.*",
                "react/promise": "^2.0 || ^1.1",
                "react/socket": "^0.7",
                "react/socket-client": "^0.7"
            },
            "require-dev": {
                "clue/block-react": "^1.1",
                "phpunit/phpunit": "^5.0 || ^4.8"
            },
            "type": "library",
            "autoload": {
                "psr-4": {
                    "Clue\\React\\Redis\\": "src/"
                }
            },
            "notification-url": "https://packagist.org/downloads/",
            "license": [
                "MIT"
            ],
            "authors": [
                {
                    "name": "Christian Lück",
                    "email": "christian@lueck.tv"
                }
            ],
            "description": "Async Redis client implementation, built on top of ReactPHP",
            "homepage": "https://github.com/clue/php-redis-react",
            "keywords": [
                "async",
                "client",
                "reactphp",
                "redis"
            ],
            "time": "2017-09-19T08:17:27+00:00"
        },
        {
            "name": "evenement/evenement",
            "version": "v2.1.0",
            "source": {
                "type": "git",
                "url": "https://github.com/igorw/evenement.git",
                "reference": "6ba9a777870ab49f417e703229d53931ed40fd7a"
            },
            "dist": {
                "type": "zip",
                "url": "https://files.phpcomposer.com/files/igorw/evenement/6ba9a777870ab49f417e703229d53931ed40fd7a.zip",
                "reference": "6ba9a777870ab49f417e703229d53931ed40fd7a",
                "shasum": ""
            },
            "require": {
                "php": ">=5.4.0"
            },
            "require-dev": {
                "phpunit/phpunit": "^6.0||^5.7||^4.8.35"
            },
            "type": "library",
            "extra": {
                "branch-alias": {
                    "dev-master": "2.0-dev"
                }
            },
            "autoload": {
                "psr-0": {
                    "Evenement": "src"
                }
            },
            "notification-url": "https://packagist.org/downloads/",
            "license": [
                "MIT"
            ],
            "authors": [
                {
                    "name": "Igor Wiedler",
                    "email": "igor@wiedler.ch"
                }
            ],
            "description": "Événement is a very simple event dispatching library for PHP",
            "keywords": [
                "event-dispatcher",
                "event-emitter"
            ],
            "time": "2017-07-17T17:39:19+00:00"
        },
        {
            "name": "phpmailer/phpmailer",
            "version": "v6.0.5",
            "source": {
                "type": "git",
                "url": "https://github.com/PHPMailer/PHPMailer.git",
                "reference": "cb3ea134d4d3729e7857737d5f320cce9caf4d32"
            },
            "dist": {
                "type": "zip",
                "url": "https://files.phpcomposer.com/files/PHPMailer/PHPMailer/cb3ea134d4d3729e7857737d5f320cce9caf4d32.zip",
                "reference": "cb3ea134d4d3729e7857737d5f320cce9caf4d32",
                "shasum": ""
            },
            "require": {
                "ext-ctype": "*",
                "ext-filter": "*",
                "php": ">=5.5.0"
            },
            "require-dev": {
                "doctrine/annotations": "1.2.*",
                "friendsofphp/php-cs-fixer": "^2.2",
                "phpdocumentor/phpdocumentor": "2.*",
                "phpunit/phpunit": "^4.8 || ^5.7",
                "zendframework/zend-eventmanager": "3.0.*",
                "zendframework/zend-i18n": "2.7.3",
                "zendframework/zend-serializer": "2.7.*"
            },
            "suggest": {
                "ext-mbstring": "Needed to send email in multibyte encoding charset",
                "hayageek/oauth2-yahoo": "Needed for Yahoo XOAUTH2 authentication",
                "league/oauth2-google": "Needed for Google XOAUTH2 authentication",
                "psr/log": "For optional PSR-3 debug logging",
                "stevenmaguire/oauth2-microsoft": "Needed for Microsoft XOAUTH2 authentication",
                "symfony/polyfill-mbstring": "To support UTF-8 if the Mbstring PHP extension is not enabled (^1.2)"
            },
            "type": "library",
            "autoload": {
                "psr-4": {
                    "PHPMailer\\PHPMailer\\": "src/"
                }
            },
            "notification-url": "https://packagist.org/downloads/",
            "license": [
                "LGPL-2.1"
            ],
            "authors": [
                {
                    "name": "Jim Jagielski",
                    "email": "jimjag@gmail.com"
                },
                {
                    "name": "Marcus Bointon",
                    "email": "phpmailer@synchromedia.co.uk"
                },
                {
                    "name": "Andy Prevost",
                    "email": "codeworxtech@users.sourceforge.net"
                },
                {
                    "name": "Brent R. Matzelle"
                }
            ],
            "description": "PHPMailer is a full-featured email creation and transfer class for PHP",
            "time": "2018-03-27T13:49:45+00:00"
        },
        {
            "name": "react/cache",
            "version": "v0.4.2",
            "source": {
                "type": "git",
                "url": "https://github.com/reactphp/cache.git",
                "reference": "75494f26b4ef089db9bf8c90b63c296246e099e8"
            },
            "dist": {
                "type": "zip",
                "url": "https://files.phpcomposer.com/files/reactphp/cache/75494f26b4ef089db9bf8c90b63c296246e099e8.zip",
                "reference": "75494f26b4ef089db9bf8c90b63c296246e099e8",
                "shasum": ""
            },
            "require": {
                "php": ">=5.3.0",
                "react/promise": "~2.0|~1.1"
            },
            "require-dev": {
                "phpunit/phpunit": "^6.4 || ^5.7 || ^4.8.35"
            },
            "type": "library",
            "autoload": {
                "psr-4": {
                    "React\\Cache\\": "src/"
                }
            },
            "notification-url": "https://packagist.org/downloads/",
            "license": [
                "MIT"
            ],
            "description": "Async, Promise-based cache interface for ReactPHP",
            "keywords": [
                "cache",
                "caching",
                "promise",
                "reactphp"
            ],
            "time": "2017-12-20T16:47:13+00:00"
        },
        {
            "name": "react/dns",
            "version": "v0.4.13",
            "source": {
                "type": "git",
                "url": "https://github.com/reactphp/dns.git",
                "reference": "7d1e08c300fd7de600810883386ee5e2a64898f4"
            },
            "dist": {
                "type": "zip",
                "url": "https://files.phpcomposer.com/files/reactphp/dns/7d1e08c300fd7de600810883386ee5e2a64898f4.zip",
                "reference": "7d1e08c300fd7de600810883386ee5e2a64898f4",
                "shasum": ""
            },
            "require": {
                "php": ">=5.3.0",
                "react/cache": "~0.4.0|~0.3.0",
                "react/event-loop": "^1.0 || ^0.5 || ^0.4 || ^0.3.5",
                "react/promise": "^2.1 || ^1.2.1",
                "react/promise-timer": "^1.2",
                "react/stream": "^1.0 || ^0.7 || ^0.6 || ^0.5 || ^0.4.5"
            },
            "require-dev": {
                "clue/block-react": "^1.2",
                "phpunit/phpunit": "^6.4 || ^5.7 || ^4.8.35"
            },
            "type": "library",
            "autoload": {
                "psr-4": {
                    "React\\Dns\\": "src"
                }
            },
            "notification-url": "https://packagist.org/downloads/",
            "license": [
                "MIT"
            ],
            "description": "Async DNS resolver for ReactPHP",
            "keywords": [
                "async",
                "dns",
                "dns-resolver",
                "reactphp"
            ],
            "time": "2018-02-27T12:51:22+00:00"
        },
        {
            "name": "react/event-loop",
            "version": "0.4.x-dev",
            "source": {
                "type": "git",
                "url": "https://github.com/reactphp/event-loop.git",
                "reference": "8bde03488ee897dc6bb3d91e4e17c353f9c5252f"
            },
            "dist": {
                "type": "zip",
                "url": "https://files.phpcomposer.com/files/reactphp/event-loop/8bde03488ee897dc6bb3d91e4e17c353f9c5252f.zip",
                "reference": "8bde03488ee897dc6bb3d91e4e17c353f9c5252f",
                "shasum": ""
            },
            "require": {
                "php": ">=5.4.0"
            },
            "require-dev": {
                "phpunit/phpunit": "~4.8"
            },
            "suggest": {
                "ext-event": "~1.0",
                "ext-libev": "*",
                "ext-libevent": ">=0.1.0"
            },
            "type": "library",
            "autoload": {
                "psr-4": {
                    "React\\EventLoop\\": "src"
                }
            },
            "notification-url": "https://packagist.org/downloads/",
            "license": [
                "MIT"
            ],
            "description": "Event loop abstraction layer that libraries can use for evented I/O.",
            "keywords": [
                "asynchronous",
                "event-loop"
            ],
            "time": "2017-04-27T10:56:23+00:00"
        },
        {
            "name": "react/promise",
            "version": "2.x-dev",
            "source": {
                "type": "git",
                "url": "https://github.com/reactphp/promise.git",
                "reference": "179520ec0b25cf4c742d9653be9f4964d64d4a6e"
            },
            "dist": {
                "type": "zip",
                "url": "https://files.phpcomposer.com/files/reactphp/promise/179520ec0b25cf4c742d9653be9f4964d64d4a6e.zip",
                "reference": "179520ec0b25cf4c742d9653be9f4964d64d4a6e",
                "shasum": ""
            },
            "require": {
                "php": ">=5.4.0"
            },
            "require-dev": {
                "phpunit/phpunit": "~4.8"
            },
            "type": "library",
            "autoload": {
                "psr-4": {
                    "React\\Promise\\": "src/"
                },
                "files": [
                    "src/functions_include.php"
                ]
            },
            "notification-url": "https://packagist.org/downloads/",
            "license": [
                "MIT"
            ],
            "authors": [
                {
                    "name": "Jan Sorgalla",
                    "email": "jsorgalla@gmail.com"
                }
            ],
            "description": "A lightweight implementation of CommonJS Promises/A for PHP",
            "keywords": [
                "promise",
                "promises"
            ],
            "time": "2017-09-19T13:02:44+00:00"
        },
        {
            "name": "react/promise-timer",
            "version": "v1.2.1",
            "source": {
                "type": "git",
                "url": "https://github.com/reactphp/promise-timer.git",
                "reference": "9b4cd9cbe7457e0d87fe8aa7ccceab8a2c830fbd"
            },
            "dist": {
                "type": "zip",
                "url": "https://files.phpcomposer.com/files/reactphp/promise-timer/9b4cd9cbe7457e0d87fe8aa7ccceab8a2c830fbd.zip",
                "reference": "9b4cd9cbe7457e0d87fe8aa7ccceab8a2c830fbd",
                "shasum": ""
            },
            "require": {
                "php": ">=5.3",
                "react/event-loop": "^1.0 || ^0.5 || ^0.4 || ^0.3.5",
                "react/promise": "~2.1|~1.2"
            },
            "require-dev": {
                "phpunit/phpunit": "^6.4 || ^5.7 || ^4.8.35"
            },
            "type": "library",
            "autoload": {
                "psr-4": {
                    "React\\Promise\\Timer\\": "src/"
                },
                "files": [
                    "src/functions.php"
                ]
            },
            "notification-url": "https://packagist.org/downloads/",
            "license": [
                "MIT"
            ],
            "authors": [
                {
                    "name": "Christian Lück",
                    "email": "christian@lueck.tv"
                }
            ],
            "description": "A trivial implementation of timeouts for Promises, built on top of ReactPHP.",
            "homepage": "https://github.com/react/promise-timer",
            "keywords": [
                "async",
                "event-loop",
                "promise",
                "reactphp",
                "timeout",
                "timer"
            ],
            "time": "2017-12-22T15:41:41+00:00"
        },
        {
            "name": "react/socket",
            "version": "v0.7.2",
            "source": {
                "type": "git",
                "url": "https://github.com/reactphp/socket.git",
                "reference": "05b2fa7df1f87ba1d7d3c703c77b1eed02b171f2"
            },
            "dist": {
                "type": "zip",
                "url": "https://files.phpcomposer.com/files/reactphp/socket/05b2fa7df1f87ba1d7d3c703c77b1eed02b171f2.zip",
                "reference": "05b2fa7df1f87ba1d7d3c703c77b1eed02b171f2",
                "shasum": ""
            },
            "require": {
                "evenement/evenement": "~2.0|~1.0",
                "php": ">=5.3.0",
                "react/dns": "0.4.*|0.3.*",
                "react/event-loop": "0.4.*|0.3.*",
                "react/promise": "^2.1 || ^1.2",
                "react/promise-timer": "~1.0",
                "react/stream": "^0.6 || ^0.5 || ^0.4.5"
            },
            "require-dev": {
                "clue/block-react": "^1.1",
                "phpunit/phpunit": "~4.8",
                "react/stream": "^0.6"
            },
            "type": "library",
            "autoload": {
                "psr-4": {
                    "React\\Socket\\": "src"
                }
            },
            "notification-url": "https://packagist.org/downloads/",
            "license": [
                "MIT"
            ],
            "description": "Async, streaming plaintext TCP/IP and secure TLS socket server and client connections for ReactPHP",
            "keywords": [
                "Connection",
                "Socket",
                "async",
                "reactphp",
                "stream"
            ],
            "time": "2017-04-24T09:37:03+00:00"
        },
        {
            "name": "react/socket-client",
            "version": "v0.7.0",
            "source": {
                "type": "git",
                "url": "https://github.com/reactphp/socket-client.git",
                "reference": "8ad621ef80fb23d10330c8cc9232c5a5e17af60c"
            },
            "dist": {
                "type": "zip",
                "url": "https://files.phpcomposer.com/files/reactphp/socket-client/8ad621ef80fb23d10330c8cc9232c5a5e17af60c.zip",
                "reference": "8ad621ef80fb23d10330c8cc9232c5a5e17af60c",
                "shasum": ""
            },
            "require": {
                "php": ">=5.3.0",
                "react/dns": "0.4.*|0.3.*",
                "react/event-loop": "0.4.*|0.3.*",
                "react/promise": "^2.1 || ^1.2",
                "react/promise-timer": "~1.0",
                "react/stream": "^0.6 || ^0.5 || ^0.4.5"
            },
            "require-dev": {
                "clue/block-react": "^1.1",
                "phpunit/phpunit": "~4.8",
                "react/socket": "^0.5",
                "react/stream": "^0.6"
            },
            "type": "library",
            "autoload": {
                "psr-4": {
                    "React\\SocketClient\\": "src"
                }
            },
            "notification-url": "https://packagist.org/downloads/",
            "license": [
                "MIT"
            ],
            "description": "Async, streaming plaintext TCP/IP and secure TLS based connections for ReactPHP",
            "keywords": [
                "Connection",
                "Socket",
                "async",
                "reactphp",
                "stream"
            ],
            "abandoned": "react/socket",
            "time": "2017-04-02T20:32:08+00:00"
        },
        {
            "name": "react/stream",
            "version": "v0.6.0",
            "source": {
                "type": "git",
                "url": "https://github.com/reactphp/stream.git",
                "reference": "b68463756d8be851829b7a9de8200c9d19eb997e"
            },
            "dist": {
                "type": "zip",
                "url": "https://files.phpcomposer.com/files/reactphp/stream/b68463756d8be851829b7a9de8200c9d19eb997e.zip",
                "reference": "b68463756d8be851829b7a9de8200c9d19eb997e",
                "shasum": ""
            },
            "require": {
                "evenement/evenement": "^2.0|^1.0",
                "php": ">=5.3.8"
            },
            "require-dev": {
                "clue/stream-filter": "~1.2",
                "phpunit/phpunit": "^5.0 || ^4.8.10",
                "react/event-loop": "^0.4|^0.3",
                "react/promise": "^2.0|^1.0"
            },
            "suggest": {
                "react/event-loop": "^0.4",
                "react/promise": "^2.0"
            },
            "type": "library",
            "autoload": {
                "psr-4": {
                    "React\\Stream\\": "src"
                }
            },
            "notification-url": "https://packagist.org/downloads/",
            "license": [
                "MIT"
            ],
            "description": "Event-driven readable and writable streams for non-blocking I/O in ReactPHP",
            "keywords": [
                "event-driven",
                "io",
                "non-blocking",
                "pipe",
                "reactphp",
                "readable",
                "stream",
                "writable"
            ],
            "time": "2017-03-26T18:02:15+00:00"
        },
        {
            "name": "vlucas/phpdotenv",
            "version": "dev-master",
            "source": {
                "type": "git",
                "url": "https://github.com/vlucas/phpdotenv.git",
                "reference": "fe2a5c22c94949983be10263417f47f8551d5946"
            },
            "dist": {
                "type": "zip",
                "url": "https://files.phpcomposer.com/files/vlucas/phpdotenv/fe2a5c22c94949983be10263417f47f8551d5946.zip",
                "reference": "fe2a5c22c94949983be10263417f47f8551d5946",
                "shasum": ""
            },
            "require": {
                "php": ">=5.3.9"
            },
            "require-dev": {
                "phpunit/phpunit": "^4.8.35 || ^5.0"
            },
            "type": "library",
            "extra": {
                "branch-alias": {
                    "dev-master": "2.5-dev"
                }
            },
            "autoload": {
                "psr-4": {
                    "Dotenv\\": "src/"
                }
            },
            "notification-url": "https://packagist.org/downloads/",
            "license": [
                "BSD-3-Clause"
            ],
            "authors": [
                {
                    "name": "Vance Lucas",
                    "email": "vance@vancelucas.com",
                    "homepage": "http://www.vancelucas.com"
                }
            ],
            "description": "Loads environment variables from `.env` to `getenv()`, `$_ENV` and `$_SERVER` automagically.",
            "keywords": [
                "dotenv",
                "env",
                "environment"
            ],
            "time": "2018-03-19T21:27:48+00:00"
        }
    ],
    "packages-dev": [],
    "aliases": [],
    "minimum-stability": "dev",
    "stability-flags": [],
    "prefer-stable": false,
    "prefer-lowest": false,
    "platform": {
        "php": ">=5.3"
    },
    "platform-dev": []
}
